
Microsoft Visual Studio Solution File, Format Version 12.00
# Visual Studio 15
VisualStudioVersion = 15.0.27130.2036
MinimumVisualStudioVersion = 10.0.40219.1
Project("{FAE04EC0-301F-11D3-BF4B-00C04F79EFBC}") = "CalculadoraCompleta2", "CalculadoraCompleta2\CalculadoraCompleta2.csproj", "{069B4811-AA13-4AF7-88F8-F18F4CCC6849}"
EndProject
Global
	GlobalSection(SolutionConfigurationPlatforms) = preSolution
		Debug|Any CPU = Debug|Any CPU
		Release|Any CPU = Release|Any CPU
	EndGlobalSection
	GlobalSection(ProjectConfigurationPlatforms) = postSolution
		{069B4811-AA13-4AF7-88F8-F18F4CCC6849}.Debug|Any CPU.ActiveCfg = Debug|Any CPU
		{069B4811-AA13-4AF7-88F8-F18F4CCC6849}.Debug|Any CPU.Build.0 = Debug|Any CPU
		{069B4811-AA13-4AF7-88F8-F18F4CCC6849}.Release|Any CPU.ActiveCfg = Release|Any CPU
		{069B4811-AA13-4AF7-88F8-F18F4CCC6849}.Release|Any CPU.Build.0 = Release|Any CPU
	EndGlobalSection
	GlobalSection(SolutionProperties) = preSolution
		HideSolutionNode = FALSE
	EndGlobalSection
	GlobalSection(ExtensibilityGlobals) = postSolution
		SolutionGuid = {EFE82464-41E1-4108-BEEB-3B1246FDBA35}
	EndGlobalSection
EndGlobal
